{
    "_readme": [
        "This file locks the dependencies of your project to a known state",
        "Read more about it at https://getcomposer.org/doc/01-basic-usage.md#installing-dependencies",
        "This file is @generated automatically"
    ],
    "content-hash": "4e676f811a260a3e86ab1030c51df8b3",
    "packages": [
        {
            "name": "dbh/core",
            "version": "v1.2.12",
            "source": {
                "type": "git",
                "url": "https://git.hebidu.cn/hebidu/dbh_core.git",
                "reference": "f38b253a3b88d31fffdd897ca1639339d5b5886e"
            },
            "require": {
                "ext-json": "*",
                "ext-mbstring": "*",
                "php": ">=5.6"
            },
            "require-dev": {
                "phpunit/phpunit": "5.7.*"
            },
            "type": "library",
            "autoload": {
                "psr-4": {
                    "by\\": "src/",
                    "byTest\\": "tests/"
                }
            },
            "notification-url": "https://packagist.org/downloads/",
            "license": [
                "MIT"
            ],
            "authors": [
                {
                    "name": "peter",
                    "email": "peterhebi@126.com",
                    "role": "developer"
                }
            ],
            "description": "core code",
            "keywords": [
                "peter"
            ],
            "abandoned": true,
            "time": "2019-09-09T03:24:51+00:00"
        },
        {
            "name": "itboye/component_http",
            "version": "v1.1.0",
            "source": {
                "type": "git",
                "url": "https://github.com/h136799711/component_http.git",
                "reference": "912bfd97032e71d43c4e6c39da0edd91efa0c931"
            },
            "dist": {
                "type": "zip",
                "url": "https://api.github.com/repos/h136799711/component_http/zipball/912bfd97032e71d43c4e6c39da0edd91efa0c931",
                "reference": "912bfd97032e71d43c4e6c39da0edd91efa0c931",
                "shasum": "",
                "mirrors": [
                    {
                        "url": "https://mirrors.aliyun.com/composer/dists/%package%/%reference%.%type%",
                        "preferred": true
                    }
                ]
            },
            "require": {
                "php": ">=5.4.0",
                "psr/http-message": "1.0.1"
            },
            "require-dev": {
                "swoft/swoole-ide-helper": "~2.0"
            },
            "type": "library",
            "autoload": {
                "psr-4": {
                    "by\\component\\http\\": "./src/"
                }
            },
            "notification-url": "https://packagist.org/downloads/",
            "license": [
                "MIT"
            ],
            "support": {
                "issues": "https://github.com/h136799711/component_http/issues",
                "source": "https://github.com/h136799711/component_http/tree/v1.1.0"
            },
            "time": "2020-09-02T07:14:25+00:00"
        },
        {
            "name": "lcobucci/clock",
            "version": "2.1.0",
            "source": {
                "type": "git",
                "url": "https://github.com/lcobucci/clock.git",
                "reference": "903513d28e85376a33385ebc601afd2ee69e5653"
            },
            "dist": {
                "type": "zip",
                "url": "https://api.github.com/repos/lcobucci/clock/zipball/903513d28e85376a33385ebc601afd2ee69e5653",
                "reference": "903513d28e85376a33385ebc601afd2ee69e5653",
                "shasum": "",
                "mirrors": [
                    {
                        "url": "https://mirrors.aliyun.com/composer/dists/%package%/%reference%.%type%",
                        "preferred": true
                    }
                ]
            },
            "require": {
                "php": "^8.0"
            },
            "require-dev": {
                "infection/infection": "^0.25",
                "lcobucci/coding-standard": "^8.0",
                "phpstan/extension-installer": "^1.1",
                "phpstan/phpstan": "^0.12",
                "phpstan/phpstan-deprecation-rules": "^0.12",
                "phpstan/phpstan-phpunit": "^0.12",
                "phpstan/phpstan-strict-rules": "^0.12",
                "phpunit/phpunit": "^9.5"
            },
            "type": "library",
            "autoload": {
                "psr-4": {
                    "Lcobucci\\Clock\\": "src"
                }
            },
            "notification-url": "https://packagist.org/downloads/",
            "license": [
                "MIT"
            ],
            "authors": [
                {
                    "name": "Luís Cobucci",
                    "email": "lcobucci@gmail.com"
                }
            ],
            "description": "Yet another clock abstraction",
            "support": {
                "issues": "https://github.com/lcobucci/clock/issues",
                "source": "https://github.com/lcobucci/clock/tree/2.1.0"
            },
            "funding": [
                {
                    "url": "https://github.com/lcobucci",
                    "type": "github"
                },
                {
                    "url": "https://www.patreon.com/lcobucci",
                    "type": "patreon"
                }
            ],
            "time": "2021-10-31T21:32:07+00:00"
        },
        {
            "name": "lcobucci/jwt",
            "version": "4.1.5",
            "source": {
                "type": "git",
                "url": "https://github.com/lcobucci/jwt.git",
                "reference": "fe2d89f2eaa7087af4aa166c6f480ef04e000582"
            },
            "dist": {
                "type": "zip",
                "url": "https://api.github.com/repos/lcobucci/jwt/zipball/fe2d89f2eaa7087af4aa166c6f480ef04e000582",
                "reference": "fe2d89f2eaa7087af4aa166c6f480ef04e000582",
                "shasum": "",
                "mirrors": [
                    {
                        "url": "https://mirrors.aliyun.com/composer/dists/%package%/%reference%.%type%",
                        "preferred": true
                    }
                ]
            },
            "require": {
                "ext-hash": "*",
                "ext-json": "*",
                "ext-mbstring": "*",
                "ext-openssl": "*",
                "ext-sodium": "*",
                "lcobucci/clock": "^2.0",
                "php": "^7.4 || ^8.0"
            },
            "require-dev": {
                "infection/infection": "^0.21",
                "lcobucci/coding-standard": "^6.0",
                "mikey179/vfsstream": "^1.6.7",
                "phpbench/phpbench": "^1.0",
                "phpstan/extension-installer": "^1.0",
                "phpstan/phpstan": "^0.12",
                "phpstan/phpstan-deprecation-rules": "^0.12",
                "phpstan/phpstan-phpunit": "^0.12",
                "phpstan/phpstan-strict-rules": "^0.12",
                "phpunit/php-invoker": "^3.1",
                "phpunit/phpunit": "^9.5"
            },
            "type": "library",
            "autoload": {
                "psr-4": {
                    "Lcobucci\\JWT\\": "src"
                }
            },
            "notification-url": "https://packagist.org/downloads/",
            "license": [
                "BSD-3-Clause"
            ],
            "authors": [
                {
                    "name": "Luís Cobucci",
                    "email": "lcobucci@gmail.com",
                    "role": "Developer"
                }
            ],
            "description": "A simple library to work with JSON Web Token and JSON Web Signature",
            "keywords": [
                "JWS",
                "jwt"
            ],
            "support": {
                "issues": "https://github.com/lcobucci/jwt/issues",
                "source": "https://github.com/lcobucci/jwt/tree/4.1.5"
            },
            "funding": [
                {
                    "url": "https://github.com/lcobucci",
                    "type": "github"
                },
                {
                    "url": "https://www.patreon.com/lcobucci",
                    "type": "patreon"
                }
            ],
            "time": "2021-09-28T19:34:56+00:00"
        },
        {
            "name": "psr/http-message",
            "version": "1.0.1",
            "source": {
                "type": "git",
                "url": "https://github.com/php-fig/http-message.git",
                "reference": "f6561bf28d520154e4b0ec72be95418abe6d9363"
            },
            "dist": {
                "type": "zip",
                "url": "https://api.github.com/repos/php-fig/http-message/zipball/f6561bf28d520154e4b0ec72be95418abe6d9363",
                "reference": "f6561bf28d520154e4b0ec72be95418abe6d9363",
                "shasum": "",
                "mirrors": [
                    {
                        "url": "https://mirrors.aliyun.com/composer/dists/%package%/%reference%.%type%",
                        "preferred": true
                    }
                ]
            },
            "require": {
                "php": ">=5.3.0"
            },
            "type": "library",
            "extra": {
                "branch-alias": {
                    "dev-master": "1.0.x-dev"
                }
            },
            "autoload": {
                "psr-4": {
                    "Psr\\Http\\Message\\": "src/"
                }
            },
            "notification-url": "https://packagist.org/downloads/",
            "license": [
                "MIT"
            ],
            "authors": [
                {
                    "name": "PHP-FIG",
                    "homepage": "http://www.php-fig.org/"
                }
            ],
            "description": "Common interface for HTTP messages",
            "homepage": "https://github.com/php-fig/http-message",
            "keywords": [
                "http",
                "http-message",
                "psr",
                "psr-7",
                "request",
                "response"
            ],
            "support": {
                "source": "https://github.com/php-fig/http-message/tree/master"
            },
            "time": "2016-08-06T14:39:51+00:00"
        }
    ],
    "packages-dev": [],
    "aliases": [],
    "minimum-stability": "stable",
    "stability-flags": [],
    "prefer-stable": false,
    "prefer-lowest": false,
    "platform": {
        "ext-json": "*"
    },
    "platform-dev": [],
    "plugin-api-version": "2.1.0"
}
